
Microsoft Visual Studio Solution File, Format Version 12.00
# Visual Studio Version 17
VisualStudioVersion = 17.9.34414.90
MinimumVisualStudioVersion = 10.0.40219.1
Project("{9A19103F-16F7-4668-BE54-9A1E7A4F7556}") = "OpenCodeDev.NetCMS.Tools", "src\OpenCodeDev.NetCMS.Tools.csproj", "{94581D81-8DF8-47A9-9FF2-E44D9FF44FDB}"
EndProject
Global
	GlobalSection(SolutionConfigurationPlatforms) = preSolution
		Debug|Any CPU = Debug|Any CPU
		Release|Any CPU = Release|Any CPU
	EndGlobalSection
	GlobalSection(ProjectConfigurationPlatforms) = postSolution
		{94581D81-8DF8-47A9-9FF2-E44D9FF44FDB}.Debug|Any CPU.ActiveCfg = Debug|Any CPU
		{94581D81-8DF8-47A9-9FF2-E44D9FF44FDB}.Debug|Any CPU.Build.0 = Debug|Any CPU
		{94581D81-8DF8-47A9-9FF2-E44D9FF44FDB}.Release|Any CPU.ActiveCfg = Release|Any CPU
		{94581D81-8DF8-47A9-9FF2-E44D9FF44FDB}.Release|Any CPU.Build.0 = Release|Any CPU
	EndGlobalSection
	GlobalSection(SolutionProperties) = preSolution
		HideSolutionNode = FALSE
	EndGlobalSection
	GlobalSection(ExtensibilityGlobals) = postSolution
		SolutionGuid = {7DC01D0C-C888-4EAE-AC49-FC79B5F7D007}
	EndGlobalSection
EndGlobal
